
Microsoft Visual Studio Solution File, Format Version 12.00
# Visual Studio 15
VisualStudioVersion = 15.0.28307.2092
MinimumVisualStudioVersion = 10.0.40219.1
Project("{FAE04EC0-301F-11D3-BF4B-00C04F79EFBC}") = "1.2.TypePro", "1.2.TypePro.csproj", "{E7ABD5DA-D5C3-4B31-9169-098FBC3E0408}"
EndProject
Global
	GlobalSection(SolutionConfigurationPlatforms) = preSolution
		Debug|x86 = Debug|x86
		Release|x86 = Release|x86
	EndGlobalSection
	GlobalSection(ProjectConfigurationPlatforms) = postSolution
		{E7ABD5DA-D5C3-4B31-9169-098FBC3E0408}.Debug|x86.ActiveCfg = Debug|x86
		{E7ABD5DA-D5C3-4B31-9169-098FBC3E0408}.Debug|x86.Build.0 = Debug|x86
		{E7ABD5DA-D5C3-4B31-9169-098FBC3E0408}.Release|x86.ActiveCfg = Release|x86
		{E7ABD5DA-D5C3-4B31-9169-098FBC3E0408}.Release|x86.Build.0 = Release|x86
	EndGlobalSection
	GlobalSection(SolutionProperties) = preSolution
		HideSolutionNode = FALSE
	EndGlobalSection
	GlobalSection(ExtensibilityGlobals) = postSolution
		SolutionGuid = {77A33760-8533-48AD-A2BB-C4A4067E17E5}
	EndGlobalSection
EndGlobal
